
Microsoft Visual Studio Solution File, Format Version 12.00
# Visual Studio Version 16
VisualStudioVersion = 16.0.32106.194
MinimumVisualStudioVersion = 10.0.40219.1
Project("{FAE04EC0-301F-11D3-BF4B-00C04F79EFBC}") = "Assign1", "Assign1.csproj", "{F359C7EF-A6E0-4433-B721-D4F23FBFC042}"
EndProject
Global
	GlobalSection(SolutionConfigurationPlatforms) = preSolution
		Debug|Any CPU = Debug|Any CPU
		Release|Any CPU = Release|Any CPU
	EndGlobalSection
	GlobalSection(ProjectConfigurationPlatforms) = postSolution
		{F359C7EF-A6E0-4433-B721-D4F23FBFC042}.Debug|Any CPU.ActiveCfg = Debug|Any CPU
		{F359C7EF-A6E0-4433-B721-D4F23FBFC042}.Debug|Any CPU.Build.0 = Debug|Any CPU
		{F359C7EF-A6E0-4433-B721-D4F23FBFC042}.Release|Any CPU.ActiveCfg = Release|Any CPU
		{F359C7EF-A6E0-4433-B721-D4F23FBFC042}.Release|Any CPU.Build.0 = Release|Any CPU
	EndGlobalSection
	GlobalSection(SolutionProperties) = preSolution
		HideSolutionNode = FALSE
	EndGlobalSection
	GlobalSection(ExtensibilityGlobals) = postSolution
		SolutionGuid = {733C7470-8DA6-4D7E-9CA8-BBCD2D4777C7}
	EndGlobalSection
EndGlobal
